// !$*UTF8*$!
{
	archiveVersion = 1;
	classes = {
	};
	objectVersion = 46;
	objects = {

/* Begin PBXBuildFile section */
		DBD6FE291BC06B8400D77809 /* AppDelegate.swift in Sources */ = {isa = PBXBuildFile; fileRef = DBD6FE281BC06B8400D77809 /* AppDelegate.swift */; };
		DBD6FE2B1BC06B8400D77809 /* ViewController.swift in Sources */ = {isa = PBXBuildFile; fileRef = DBD6FE2A1BC06B8400D77809 /* ViewController.swift */; };
		DBD6FE2E1BC06B8400D77809 /* Main.storyboard in Resources */ = {isa = PBXBuildFile; fileRef = DBD6FE2C1BC06B8400D77809 /* Main.storyboard */; };
		DBD6FE301BC06B8400D77809 /* Images.xcassets in Resources */ = {isa = PBXBuildFile; fileRef = DBD6FE2F1BC06B8400D77809 /* Images.xcassets */; };
		DBD6FE331BC06B8400D77809 /* LaunchScreen.xib in Resources */ = {isa = PBXBuildFile; fileRef = DBD6FE311BC06B8400D77809 /* LaunchScreen.xib */; };
		DBD6FE3F1BC06B8400D77809 /* SpeakNoteTests.swift in Sources */ = {isa = PBXBuildFile; fileRef = DBD6FE3E1BC06B8400D77809 /* SpeakNoteTests.swift */; };
		DBD6FE4D1BC0980B00D77809 /* AcousticModelEnglish.bundle in Resources */ = {isa = PBXBuildFile; fileRef = DBD6FE491BC0980B00D77809 /* AcousticModelEnglish.bundle */; };
		DBD6FE4E1BC0980B00D77809 /* AcousticModelSpanish.bundle in Resources */ = {isa = PBXBuildFile; fileRef = DBD6FE4A1BC0980B00D77809 /* AcousticModelSpanish.bundle */; };
		DBD6FE4F1BC0980B00D77809 /* OpenEars.framework in Frameworks */ = {isa = PBXBuildFile; fileRef = DBD6FE4B1BC0980B00D77809 /* OpenEars.framework */; };
		DBD6FE501BC0980B00D77809 /* Slt.framework in Frameworks */ = {isa = PBXBuildFile; fileRef = DBD6FE4C1BC0980B00D77809 /* Slt.framework */; };
/* End PBXBuildFile section */

/* Begin PBXContainerItemProxy section */
		DBD6FE391BC06B8400D77809 /* PBXContainerItemProxy */ = {
			isa = PBXContainerItemProxy;
			containerPortal = DBD6FE1B1BC06B8400D77809 /* Project object */;
			proxyType = 1;
			remoteGlobalIDString = DBD6FE221BC06B8400D77809;
			remoteInfo = SpeakNote;
		};
/* End PBXContainerItemProxy section */

/* Begin PBXFileReference section */
		DBD6FE231BC06B8400D77809 /* SpeakNote.app */ = {isa = PBXFileReference; explicitFileType = wrapper.application; includeInIndex = 0; path = SpeakNote.app; sourceTree = BUILT_PRODUCTS_DIR; };
		DBD6FE271BC06B8400D77809 /* Info.plist */ = {isa = PBXFileReference; lastKnownFileType = text.plist.xml; path = Info.plist; sourceTree = "<group>"; };
		DBD6FE281BC06B8400D77809 /* AppDelegate.swift */ = {isa = PBXFileReference; lastKnownFileType = sourcecode.swift; path = AppDelegate.swift; sourceTree = "<group>"; };
		DBD6FE2A1BC06B8400D77809 /* ViewController.swift */ = {isa = PBXFileReference; lastKnownFileType = sourcecode.swift; path = ViewController.swift; sourceTree = "<group>"; };
		DBD6FE2D1BC06B8400D77809 /* Base */ = {isa = PBXFileReference; lastKnownFileType = file.storyboard; name = Base; path = Base.lproj/Main.storyboard; sourceTree = "<group>"; };
		DBD6FE2F1BC06B8400D77809 /* Images.xcassets */ = {isa = PBXFileReference; lastKnownFileType = folder.assetcatalog; path = Images.xcassets; sourceTree = "<group>"; };
		DBD6FE321BC06B8400D77809 /* Base */ = {isa = PBXFileReference; lastKnownFileType = file.xib; name = Base; path = Base.lproj/LaunchScreen.xib; sourceTree = "<group>"; };
		DBD6FE381BC06B8400D77809 /* SpeakNoteTests.xctest */ = {isa = PBXFileReference; explicitFileType = wrapper.cfbundle; includeInIndex = 0; path = SpeakNoteTests.xctest; sourceTree = BUILT_PRODUCTS_DIR; };
		DBD6FE3D1BC06B8400D77809 /* Info.plist */ = {isa = PBXFileReference; lastKnownFileType = text.plist.xml; path = Info.plist; sourceTree = "<group>"; };
		DBD6FE3E1BC06B8400D77809 /* SpeakNoteTests.swift */ = {isa = PBXFileReference; lastKnownFileType = sourcecode.swift; path = SpeakNoteTests.swift; sourceTree = "<group>"; };
		DBD6FE491BC0980B00D77809 /* AcousticModelEnglish.bundle */ = {isa = PBXFileReference; lastKnownFileType = "wrapper.plug-in"; path = AcousticModelEnglish.bundle; sourceTree = "<group>"; };
		DBD6FE4A1BC0980B00D77809 /* AcousticModelSpanish.bundle */ = {isa = PBXFileReference; lastKnownFileType = "wrapper.plug-in"; path = AcousticModelSpanish.bundle; sourceTree = "<group>"; };
		DBD6FE4B1BC0980B00D77809 /* OpenEars.framework */ = {isa = PBXFileReference; lastKnownFileType = wrapper.framework; path = OpenEars.framework; sourceTree = "<group>"; };
		DBD6FE4C1BC0980B00D77809 /* Slt.framework */ = {isa = PBXFileReference; lastKnownFileType = wrapper.framework; path = Slt.framework; sourceTree = "<group>"; };
		DBD6FE511BC09C0300D77809 /* SpeakNote-Bridging-Header.h */ = {isa = PBXFileReference; lastKnownFileType = sourcecode.c.h; path = "SpeakNote-Bridging-Header.h"; sourceTree = "<group>"; };
/* End PBXFileReference section */

/* Begin PBXFrameworksBuildPhase section */
		DBD6FE201BC06B8400D77809 /* Frameworks */ = {
			isa = PBXFrameworksBuildPhase;
			buildActionMask = 2147483647;
			files = (
				DBD6FE501BC0980B00D77809 /* Slt.framework in Frameworks */,
				DBD6FE4F1BC0980B00D77809 /* OpenEars.framework in Frameworks */,
			);
			runOnlyForDeploymentPostprocessing = 0;
		};
		DBD6FE351BC06B8400D77809 /* Frameworks */ = {
			isa = PBXFrameworksBuildPhase;
			buildActionMask = 2147483647;
			files = (
			);
			runOnlyForDeploymentPostprocessing = 0;
		};
/* End PBXFrameworksBuildPhase section */

/* Begin PBXGroup section */
		DBD6FE1A1BC06B8400D77809 = {
			isa = PBXGroup;
			children = (
				DBD6FE481BC0980B00D77809 /* Framework */,
				DBD6FE251BC06B8400D77809 /* SpeakNote */,
				DBD6FE3B1BC06B8400D77809 /* SpeakNoteTests */,
				DBD6FE241BC06B8400D77809 /* Products */,
			);
			sourceTree = "<group>";
		};
		DBD6FE241BC06B8400D77809 /* Products */ = {
			isa = PBXGroup;
			children = (
				DBD6FE231BC06B8400D77809 /* SpeakNote.app */,
				DBD6FE381BC06B8400D77809 /* SpeakNoteTests.xctest */,
			);
			name = Products;
			sourceTree = "<group>";
		};
		DBD6FE251BC06B8400D77809 /* SpeakNote */ = {
			isa = PBXGroup;
			children = (
				DBD6FE281BC06B8400D77809 /* AppDelegate.swift */,
				DBD6FE2A1BC06B8400D77809 /* ViewController.swift */,
				DBD6FE2C1BC06B8400D77809 /* Main.storyboard */,
				DBD6FE2F1BC06B8400D77809 /* Images.xcassets */,
				DBD6FE311BC06B8400D77809 /* LaunchScreen.xib */,
				DBD6FE261BC06B8400D77809 /* Supporting Files */,
			);
			path = SpeakNote;
			sourceTree = "<group>";
		};
		DBD6FE261BC06B8400D77809 /* Supporting Files */ = {
			isa = PBXGroup;
			children = (
				DBD6FE271BC06B8400D77809 /* Info.plist */,
				DBD6FE511BC09C0300D77809 /* SpeakNote-Bridging-Header.h */,
			);
			name = "Supporting Files";
			sourceTree = "<group>";
		};
		DBD6FE3B1BC06B8400D77809 /* SpeakNoteTests */ = {
			isa = PBXGroup;
			children = (
				DBD6FE3E1BC06B8400D77809 /* SpeakNoteTests.swift */,
				DBD6FE3C1BC06B8400D77809 /* Supporting Files */,
			);
			path = SpeakNoteTests;
			sourceTree = "<group>";
		};
		DBD6FE3C1BC06B8400D77809 /* Supporting Files */ = {
			isa = PBXGroup;
			children = (
				DBD6FE3D1BC06B8400D77809 /* Info.plist */,
			);
			name = "Supporting Files";
			sourceTree = "<group>";
		};
		DBD6FE481BC0980B00D77809 /* Framework */ = {
			isa = PBXGroup;
			children = (
				DBD6FE491BC0980B00D77809 /* AcousticModelEnglish.bundle */,
				DBD6FE4A1BC0980B00D77809 /* AcousticModelSpanish.bundle */,
				DBD6FE4B1BC0980B00D77809 /* OpenEars.framework */,
				DBD6FE4C1BC0980B00D77809 /* Slt.framework */,
			);
			path = Framework;
			sourceTree = "<group>";
		};
/* End PBXGroup section */

/* Begin PBXNativeTarget section */
		DBD6FE221BC06B8400D77809 /* SpeakNote */ = {
			isa = PBXNativeTarget;
			buildConfigurationList = DBD6FE421BC06B8400D77809 /* Build configuration list for PBXNativeTarget "SpeakNote" */;
			buildPhases = (
				DBD6FE1F1BC06B8400D77809 /* Sources */,
				DBD6FE201BC06B8400D77809 /* Frameworks */,
				DBD6FE211BC06B8400D77809 /* Resources */,
			);
			buildRules = (
			);
			dependencies = (
			);
			name = SpeakNote;
			productName = SpeakNote;
			productReference = DBD6FE231BC06B8400D77809 /* SpeakNote.app */;
			productType = "com.apple.product-type.application";
		};
		DBD6FE371BC06B8400D77809 /* SpeakNoteTests */ = {
			isa = PBXNativeTarget;
			buildConfigurationList = DBD6FE451BC06B8400D77809 /* Build configuration list for PBXNativeTarget "SpeakNoteTests" */;
			buildPhases = (
				DBD6FE341BC06B8400D77809 /* Sources */,
				DBD6FE351BC06B8400D77809 /* Frameworks */,
				DBD6FE361BC06B8400D77809 /* Resources */,
			);
			buildRules = (
			);
			dependencies = (
				DBD6FE3A1BC06B8400D77809 /* PBXTargetDependency */,
			);
			name = SpeakNoteTests;
			productName = SpeakNoteTests;
			productReference = DBD6FE381BC06B8400D77809 /* SpeakNoteTests.xctest */;
			productType = "com.apple.product-type.bundle.unit-test";
		};
/* End PBXNativeTarget section */

/* Begin PBXProject section */
		DBD6FE1B1BC06B8400D77809 /* Project object */ = {
			isa = PBXProject;
			attributes = {
				LastUpgradeCheck = 0640;
				ORGANIZATIONNAME = "Kimberly Zai";
				TargetAttributes = {
					DBD6FE221BC06B8400D77809 = {
						CreatedOnToolsVersion = 6.4;
					};
					DBD6FE371BC06B8400D77809 = {
						CreatedOnToolsVersion = 6.4;
						TestTargetID = DBD6FE221BC06B8400D77809;
					};
				};
			};
			buildConfigurationList = DBD6FE1E1BC06B8400D77809 /* Build configuration list for PBXProject "SpeakNote" */;
			compatibilityVersion = "Xcode 3.2";
			developmentRegion = English;
			hasScannedForEncodings = 0;
			knownRegions = (
				en,
				Base,
			);
			mainGroup = DBD6FE1A1BC06B8400D77809;
			productRefGroup = DBD6FE241BC06B8400D77809 /* Products */;
			projectDirPath = "";
			projectRoot = "";
			targets = (
				DBD6FE221BC06B8400D77809 /* SpeakNote */,
				DBD6FE371BC06B8400D77809 /* SpeakNoteTests */,
			);
		};
/* End PBXProject section */

/* Begin PBXResourcesBuildPhase section */
		DBD6FE211BC06B8400D77809 /* Resources */ = {
			isa = PBXResourcesBuildPhase;
			buildActionMask = 2147483647;
			files = (
				DBD6FE2E1BC06B8400D77809 /* Main.storyboard in Resources */,
				DBD6FE4E1BC0980B00D77809 /* AcousticModelSpanish.bundle in Resources */,
				DBD6FE4D1BC0980B00D77809 /* AcousticModelEnglish.bundle in Resources */,
				DBD6FE331BC06B8400D77809 /* LaunchScreen.xib in Resources */,
				DBD6FE301BC06B8400D77809 /* Images.xcassets in Resources */,
			);
			runOnlyForDeploymentPostprocessing = 0;
		};
		DBD6FE361BC06B8400D77809 /* Resources */ = {
			isa = PBXResourcesBuildPhase;
			buildActionMask = 2147483647;
			files = (
			);
			runOnlyForDeploymentPostprocessing = 0;
		};
/* End PBXResourcesBuildPhase section */

/* Begin PBXSourcesBuildPhase section */
		DBD6FE1F1BC06B8400D77809 /* Sources */ = {
			isa = PBXSourcesBuildPhase;
			buildActionMask = 2147483647;
			files = (
				DBD6FE2B1BC06B8400D77809 /* ViewController.swift in Sources */,
				DBD6FE291BC06B8400D77809 /* AppDelegate.swift in Sources */,
			);
			runOnlyForDeploymentPostprocessing = 0;
		};
		DBD6FE341BC06B8400D77809 /* Sources */ = {
			isa = PBXSourcesBuildPhase;
			buildActionMask = 2147483647;
			files = (
				DBD6FE3F1BC06B8400D77809 /* SpeakNoteTests.swift in Sources */,
			);
			runOnlyForDeploymentPostprocessing = 0;
		};
/* End PBXSourcesBuildPhase section */

/* Begin PBXTargetDependency section */
		DBD6FE3A1BC06B8400D77809 /* PBXTargetDependency */ = {
			isa = PBXTargetDependency;
			target = DBD6FE221BC06B8400D77809 /* SpeakNote */;
			targetProxy = DBD6FE391BC06B8400D77809 /* PBXContainerItemProxy */;
		};
/* End PBXTargetDependency section */

/* Begin PBXVariantGroup section */
		DBD6FE2C1BC06B8400D77809 /* Main.storyboard */ = {
			isa = PBXVariantGroup;
			children = (
				DBD6FE2D1BC06B8400D77809 /* Base */,
			);
			name = Main.storyboard;
			sourceTree = "<group>";
		};
		DBD6FE311BC06B8400D77809 /* LaunchScreen.xib */ = {
			isa = PBXVariantGroup;
			children = (
				DBD6FE321BC06B8400D77809 /* Base */,
			);
			name = LaunchScreen.xib;
			sourceTree = "<group>";
		};
/* End PBXVariantGroup section */

/* Begin XCBuildConfiguration section */
		DBD6FE401BC06B8400D77809 /* Debug */ = {
			isa = XCBuildConfiguration;
			buildSettings = {
				ALWAYS_SEARCH_USER_PATHS = NO;
				CLANG_CXX_LANGUAGE_STANDARD = "gnu++0x";
				CLANG_CXX_LIBRARY = "libc++";
				CLANG_ENABLE_MODULES = YES;
				CLANG_ENABLE_OBJC_ARC = YES;
				CLANG_WARN_BOOL_CONVERSION = YES;
				CLANG_WARN_CONSTANT_CONVERSION = YES;
				CLANG_WARN_DIRECT_OBJC_ISA_USAGE = YES_ERROR;
				CLANG_WARN_EMPTY_BODY = YES;
				CLANG_WARN_ENUM_CONVERSION = YES;
				CLANG_WARN_INT_CONVERSION = YES;
				CLANG_WARN_OBJC_ROOT_CLASS = YES_ERROR;
				CLANG_WARN_UNREACHABLE_CODE = YES;
				CLANG_WARN__DUPLICATE_METHOD_MATCH = YES;
				"CODE_SIGN_IDENTITY[sdk=iphoneos*]" = "iPhone Developer";
				COPY_PHASE_STRIP = NO;
				DEBUG_INFORMATION_FORMAT = "dwarf-with-dsym";
				ENABLE_STRICT_OBJC_MSGSEND = YES;
				GCC_C_LANGUAGE_STANDARD = gnu99;
				GCC_DYNAMIC_NO_PIC = NO;
				GCC_NO_COMMON_BLOCKS = YES;
				GCC_OPTIMIZATION_LEVEL = 0;
				GCC_PREPROCESSOR_DEFINITIONS = (
					"DEBUG=1",
					"$(inherited)",
				);
				GCC_SYMBOLS_PRIVATE_EXTERN = NO;
				GCC_WARN_64_TO_32_BIT_CONVERSION = YES;
				GCC_WARN_ABOUT_RETURN_TYPE = YES_ERROR;
				GCC_WARN_UNDECLARED_SELECTOR = YES;
				GCC_WARN_UNINITIALIZED_AUTOS = YES_AGGRESSIVE;
				GCC_WARN_UNUSED_FUNCTION = YES;
				GCC_WARN_UNUSED_VARIABLE = YES;
				IPHONEOS_DEPLOYMENT_TARGET = 8.4;
				MTL_ENABLE_DEBUG_INFO = YES;
				ONLY_ACTIVE_ARCH = YES;
				SDKROOT = iphoneos;
				SWIFT_OPTIMIZATION_LEVEL = "-Onone";
				TARGETED_DEVICE_FAMILY = "1,2";
			};
			name = Debug;
		};
		DBD6FE411BC06B8400D77809 /* Release */ = {
			isa = XCBuildConfiguration;
			buildSettings = {
				ALWAYS_SEARCH_USER_PATHS = NO;
				CLANG_CXX_LANGUAGE_STANDARD = "gnu++0x";
				CLANG_CXX_LIBRARY = "libc++";
				CLANG_ENABLE_MODULES = YES;
				CLANG_ENABLE_OBJC_ARC = YES;
				CLANG_WARN_BOOL_CONVERSION = YES;
				CLANG_WARN_CONSTANT_CONVERSION = YES;
				CLANG_WARN_DIRECT_OBJC_ISA_USAGE = YES_ERROR;
				CLANG_WARN_EMPTY_BODY = YES;
				CLANG_WARN_ENUM_CONVERSION = YES;
				CLANG_WARN_INT_CONVERSION = YES;
				CLANG_WARN_OBJC_ROOT_CLASS = YES_ERROR;
				CLANG_WARN_UNREACHABLE_CODE = YES;
				CLANG_WARN__DUPLICATE_METHOD_MATCH = YES;
				"CODE_SIGN_IDENTITY[sdk=iphoneos*]" = "iPhone Developer";
				COPY_PHASE_STRIP = NO;
				DEBUG_INFORMATION_FORMAT = "dwarf-with-dsym";
				ENABLE_NS_ASSERTIONS = NO;
				ENABLE_STRICT_OBJC_MSGSEND = YES;
				GCC_C_LANGUAGE_STANDARD = gnu99;
				GCC_NO_COMMON_BLOCKS = YES;
				GCC_WARN_64_TO_32_BIT_CONVERSION = YES;
				GCC_WARN_ABOUT_RETURN_TYPE = YES_ERROR;
				GCC_WARN_UNDECLARED_SELECTOR = YES;
				GCC_WARN_UNINITIALIZED_AUTOS = YES_AGGRESSIVE;
				GCC_WARN_UNUSED_FUNCTION = YES;
				GCC_WARN_UNUSED_VARIABLE = YES;
				IPHONEOS_DEPLOYMENT_TARGET = 8.4;
				MTL_ENABLE_DEBUG_INFO = NO;
				SDKROOT = iphoneos;
				TARGETED_DEVICE_FAMILY = "1,2";
				VALIDATE_PRODUCT = YES;
			};
			name = Release;
		};
		DBD6FE431BC06B8400D77809 /* Debug */ = {
			isa = XCBuildConfiguration;
			buildSettings = {
				ASSETCATALOG_COMPILER_APPICON_NAME = AppIcon;
				FRAMEWORK_SEARCH_PATHS = (
					"$(inherited)",
					"$(PROJECT_DIR)/Framework",
				);
				INFOPLIST_FILE = SpeakNote/Info.plist;
				LD_RUNPATH_SEARCH_PATHS = "$(inherited) @executable_path/Frameworks";
				PRODUCT_NAME = "$(TARGET_NAME)";
				SWIFT_OBJC_BRIDGING_HEADER = "SpeakNote/SpeakNote-Bridging-Header.h";
				TARGETED_DEVICE_FAMILY = 1;
			};
			name = Debug;
		};
		DBD6FE441BC06B8400D77809 /* Release */ = {
			isa = XCBuildConfiguration;
			buildSettings = {
				ASSETCATALOG_COMPILER_APPICON_NAME = AppIcon;
				FRAMEWORK_SEARCH_PATHS = (
					"$(inherited)",
					"$(PROJECT_DIR)/Framework",
				);
				INFOPLIST_FILE = SpeakNote/Info.plist;
				LD_RUNPATH_SEARCH_PATHS = "$(inherited) @executable_path/Frameworks";
				PRODUCT_NAME = "$(TARGET_NAME)";
				SWIFT_OBJC_BRIDGING_HEADER = "SpeakNote/SpeakNote-Bridging-Header.h";
				TARGETED_DEVICE_FAMILY = 1;
			};
			name = Release;
		};
		DBD6FE461BC06B8400D77809 /* Debug */ = {
			isa = XCBuildConfiguration;
			buildSettings = {
				BUNDLE_LOADER = "$(TEST_HOST)";
				FRAMEWORK_SEARCH_PATHS = (
					"$(SDKROOT)/Developer/Library/Frameworks",
					"$(inherited)",
				);
				GCC_PREPROCESSOR_DEFINITIONS = (
					"DEBUG=1",
					"$(inherited)",
				);
				INFOPLIST_FILE = SpeakNoteTests/Info.plist;
				LD_RUNPATH_SEARCH_PATHS = "$(inherited) @executable_path/Frameworks @loader_path/Frameworks";
				PRODUCT_NAME = "$(TARGET_NAME)";
				TEST_HOST = "$(BUILT_PRODUCTS_DIR)/SpeakNote.app/SpeakNote";
			};
			name = Debug;
		};
		DBD6FE471BC06B8400D77809 /* Release */ = {
			isa = XCBuildConfiguration;
			buildSettings = {
				BUNDLE_LOADER = "$(TEST_HOST)";
				FRAMEWORK_SEARCH_PATHS = (
					"$(SDKROOT)/Developer/Library/Frameworks",
					"$(inherited)",
				);
				INFOPLIST_FILE = SpeakNoteTests/Info.plist;
				LD_RUNPATH_SEARCH_PATHS = "$(inherited) @executable_path/Frameworks @loader_path/Frameworks";
				PRODUCT_NAME = "$(TARGET_NAME)";
				TEST_HOST = "$(BUILT_PRODUCTS_DIR)/SpeakNote.app/SpeakNote";
			};
			name = Release;
		};
/* End XCBuildConfiguration section */

/* Begin XCConfigurationList section */
		DBD6FE1E1BC06B8400D77809 /* Build configuration list for PBXProject "SpeakNote" */ = {
			isa = XCConfigurationList;
			buildConfigurations = (
				DBD6FE401BC06B8400D77809 /* Debug */,
				DBD6FE411BC06B8400D77809 /* Release */,
			);
			defaultConfigurationIsVisible = 0;
			defaultConfigurationName = Release;
		};
		DBD6FE421BC06B8400D77809 /* Build configuration list for PBXNativeTarget "SpeakNote" */ = {
			isa = XCConfigurationList;
			buildConfigurations = (
				DBD6FE431BC06B8400D77809 /* Debug */,
				DBD6FE441BC06B8400D77809 /* Release */,
			);
			defaultConfigurationIsVisible = 0;
			defaultConfigurationName = Release;
		};
		DBD6FE451BC06B8400D77809 /* Build configuration list for PBXNativeTarget "SpeakNoteTests" */ = {
			isa = XCConfigurationList;
			buildConfigurations = (
				DBD6FE461BC06B8400D77809 /* Debug */,
				DBD6FE471BC06B8400D77809 /* Release */,
			);
			defaultConfigurationIsVisible = 0;
			defaultConfigurationName = Release;
		};
/* End XCConfigurationList section */
	};
	rootObject = DBD6FE1B1BC06B8400D77809 /* Project object */;
}
